<?xml version="1.0" encoding="utf-8"?>
<Project ToolsVersion="4.0" xmlns="http://schemas.microsoft.com/developer/msbuild/2003">
  <ItemGroup>
    <Filter Include="源文件">
      <UniqueIdentifier>{4FC737F1-C7A5-4376-A066-2A32D752A2FF}</UniqueIdentifier>
      <Extensions>cpp;c;cc;cxx;def;odl;idl;hpj;bat;asm;asmx</Extensions>
    </Filter>
    <Filter Include="头文件">
      <UniqueIdentifier>{93995380-89BD-4b04-88EB-625FBE52EBFB}</UniqueIdentifier>
      <Extensions>h;hpp;hxx;hm;inl;inc;xsd</Extensions>
    </Filter>
    <Filter Include="资源文件">
      <UniqueIdentifier>{67DA6AB6-F800-4c08-8B7A-83BB121AAD01}</UniqueIdentifier>
      <Extensions>rc;ico;cur;bmp;dlg;rc2;rct;bin;rgs;gif;jpg;jpeg;jpe;resx;tiff;tif;png;wav;mfcribbon-ms</Extensions>
    </Filter>
  </ItemGroup>
  <ItemGroup>
    <ClCompile Include="main.cpp">
      <Filter>源文件</Filter>
    </ClCompile>
    <ClCompile Include="Data\MeshContainer.cpp">
      <Filter>源文件</Filter>
    </ClCompile>
    <ClCompile Include="Logic\SkeletonExtractor.cpp">
      <Filter>源文件</Filter>
    </ClCompile>
    <ClCompile Include="View\MeshViewer.cpp">
      <Filter>源文件</Filter>
    </ClCompile>
    <ClCompile Include="View\moc_MeshViewer.cpp">
      <Filter>源文件</Filter>
    </ClCompile>
    <ClCompile Include="View\moc_QGLViewWidget.cpp">
      <Filter>源文件</Filter>
    </ClCompile>
    <ClCompile Include="View\QGLViewerWidget.cpp">
      <Filter>源文件</Filter>
    </ClCompile>
    <ClCompile Include="Data\MeshDef.cpp">
      <Filter>源文件</Filter>
    </ClCompile>
    <ClCompile Include="Data\SkeletonDef.cpp">
      <Filter>源文件</Filter>
    </ClCompile>
    <ClCompile Include="Data\SkeletonContainer.cpp">
      <Filter>源文件</Filter>
    </ClCompile>
    <ClCompile Include="View\SkeletonViewer.cpp">
      <Filter>源文件</Filter>
    </ClCompile>
    <ClCompile Include="View\moc_SkeletonViewer.cpp">
      <Filter>源文件</Filter>
    </ClCompile>
    <ClCompile Include="View\CompositionWidget.cpp">
      <Filter>源文件</Filter>
    </ClCompile>
    <ClCompile Include="View\moc_CompositionWidget.cpp">
      <Filter>源文件</Filter>
    </ClCompile>
    <ClCompile Include="View\arthurstyle.cpp">
      <Filter>源文件</Filter>
    </ClCompile>
    <ClCompile Include="View\arthurwidgets.cpp">
      <Filter>源文件</Filter>
    </ClCompile>
    <ClCompile Include="View\moc_arthurwidgets.cpp">
      <Filter>源文件</Filter>
    </ClCompile>
    <ClCompile Include="View\shared.cpp">
      <Filter>源文件</Filter>
    </ClCompile>
    <ClCompile Include="test.cpp">
      <Filter>源文件</Filter>
    </ClCompile>
    <ClCompile Include="Logic\SkeletonUtility.cpp">
      <Filter>源文件</Filter>
    </ClCompile>
    <ClCompile Include="Logic\LaplacianMeshEditor.cpp">
      <Filter>源文件</Filter>
    </ClCompile>
    <ClCompile Include="View\MainWindow.cpp">
      <Filter>源文件</Filter>
    </ClCompile>
    <ClCompile Include="View\moc_MainWindow.cpp">
      <Filter>源文件</Filter>
    </ClCompile>
    <ClCompile Include="Logic\KNNSHelper.cpp">
      <Filter>源文件</Filter>
    </ClCompile>
    <ClCompile Include="Utility\GLError.cpp">
      <Filter>源文件</Filter>
    </ClCompile>
    <ClCompile Include="Logic\ClothDeformer.cpp">
      <Filter>源文件</Filter>
    </ClCompile>
    <ClCompile Include="Utility\SparseLinearEquationSolver.cpp">
      <Filter>源文件</Filter>
    </ClCompile>
    <ClCompile Include="Logic\PhysicalConstrainer.cpp">
      <Filter>源文件</Filter>
    </ClCompile>
    <ClCompile Include="Logic\Skeleton\SkeletonPipeLine.cpp">
      <Filter>源文件</Filter>
    </ClCompile>
    <ClCompile Include="Logic\Skeleton\SkeletonProcessor.cpp">
      <Filter>源文件</Filter>
    </ClCompile>
    <ClCompile Include="Logic\Skeleton\IsolatedPointEliminator.cpp">
      <Filter>源文件</Filter>
    </ClCompile>
  </ItemGroup>
  <ItemGroup>
    <ClInclude Include="Data\MeshContainer.h">
      <Filter>头文件</Filter>
    </ClInclude>
    <ClInclude Include="Logic\SkeletonExtractor.h">
      <Filter>头文件</Filter>
    </ClInclude>
    <ClInclude Include="View\MeshViewer.h">
      <Filter>头文件</Filter>
    </ClInclude>
    <ClInclude Include="View\QGLViewerWidget.h">
      <Filter>头文件</Filter>
    </ClInclude>
    <ClInclude Include="Data\MeshDef.h">
      <Filter>头文件</Filter>
    </ClInclude>
    <ClInclude Include="Data\SkeletonDef.h">
      <Filter>头文件</Filter>
    </ClInclude>
    <ClInclude Include="Data\SkeletonContainer.h">
      <Filter>头文件</Filter>
    </ClInclude>
    <ClInclude Include="View\SkeletonViewer.h">
      <Filter>头文件</Filter>
    </ClInclude>
    <ClInclude Include="View\CompositionWidget.h">
      <Filter>头文件</Filter>
    </ClInclude>
    <ClInclude Include="View\arthurstyle.h">
      <Filter>头文件</Filter>
    </ClInclude>
    <ClInclude Include="View\arthurwidgets.h">
      <Filter>头文件</Filter>
    </ClInclude>
    <ClInclude Include="Logic\SkeletonUtility.h">
      <Filter>头文件</Filter>
    </ClInclude>
    <ClInclude Include="Logic\LaplacianMeshEditor.h">
      <Filter>头文件</Filter>
    </ClInclude>
    <ClInclude Include="View\MainWindow.h">
      <Filter>头文件</Filter>
    </ClInclude>
    <ClInclude Include="Logic\KNNSHelper.h">
      <Filter>头文件</Filter>
    </ClInclude>
    <ClInclude Include="Utility\GLError.h">
      <Filter>头文件</Filter>
    </ClInclude>
    <ClInclude Include="Logic\ClothDeformer.h">
      <Filter>头文件</Filter>
    </ClInclude>
    <ClInclude Include="Utility\SparseLinearEquationSolver.h">
      <Filter>头文件</Filter>
    </ClInclude>
    <ClInclude Include="Logic\PhysicalConstrainer.h">
      <Filter>头文件</Filter>
    </ClInclude>
    <ClInclude Include="Logic\Skeleton\SkeletonPipeLine.h">
      <Filter>头文件</Filter>
    </ClInclude>
    <ClInclude Include="Logic\Skeleton\SkeletonProcessor.h">
      <Filter>头文件</Filter>
    </ClInclude>
    <ClInclude Include="Logic\Skeleton\IsolatedPointEliminator.h">
      <Filter>头文件</Filter>
    </ClInclude>
  </ItemGroup>
</Project>